// !$*UTF8*$!
{
	archiveVersion = 1;
	classes = {
	};
	objectVersion = 50;
	objects = {

/* Begin PBXBuildFile section */
		1FDF6BDD23AA79BE0068E178 /* AppDelegate.swift in Sources */ = {isa = PBXBuildFile; fileRef = 1FDF6BDC23AA79BE0068E178 /* AppDelegate.swift */; };
		1FDF6BDF23AA79BE0068E178 /* SceneDelegate.swift in Sources */ = {isa = PBXBuildFile; fileRef = 1FDF6BDE23AA79BE0068E178 /* SceneDelegate.swift */; };
		1FDF6BE123AA79BE0068E178 /* ViewController.swift in Sources */ = {isa = PBXBuildFile; fileRef = 1FDF6BE023AA79BE0068E178 /* ViewController.swift */; };
		1FDF6BE423AA79BE0068E178 /* Main.storyboard in Resources */ = {isa = PBXBuildFile; fileRef = 1FDF6BE223AA79BE0068E178 /* Main.storyboard */; };
		1FDF6BE623AA79BF0068E178 /* Assets.xcassets in Resources */ = {isa = PBXBuildFile; fileRef = 1FDF6BE523AA79BF0068E178 /* Assets.xcassets */; };
		1FDF6BE923AA79BF0068E178 /* LaunchScreen.storyboard in Resources */ = {isa = PBXBuildFile; fileRef = 1FDF6BE723AA79BF0068E178 /* LaunchScreen.storyboard */; };
/* End PBXBuildFile section */

/* Begin PBXFileReference section */
		1FDF6BD923AA79BE0068E178 /* PressCounter.app */ = {isa = PBXFileReference; explicitFileType = wrapper.application; includeInIndex = 0; path = PressCounter.app; sourceTree = BUILT_PRODUCTS_DIR; };
		1FDF6BDC23AA79BE0068E178 /* AppDelegate.swift */ = {isa = PBXFileReference; lastKnownFileType = sourcecode.swift; path = AppDelegate.swift; sourceTree = "<group>"; };
		1FDF6BDE23AA79BE0068E178 /* SceneDelegate.swift */ = {isa = PBXFileReference; lastKnownFileType = sourcecode.swift; path = SceneDelegate.swift; sourceTree = "<group>"; };
		1FDF6BE023AA79BE0068E178 /* ViewController.swift */ = {isa = PBXFileReference; lastKnownFileType = sourcecode.swift; path = ViewController.swift; sourceTree = "<group>"; };
		1FDF6BE323AA79BE0068E178 /* Base */ = {isa = PBXFileReference; lastKnownFileType = file.storyboard; name = Base; path = Base.lproj/Main.storyboard; sourceTree = "<group>"; };
		1FDF6BE523AA79BF0068E178 /* Assets.xcassets */ = {isa = PBXFileReference; lastKnownFileType = folder.assetcatalog; path = Assets.xcassets; sourceTree = "<group>"; };
		1FDF6BE823AA79BF0068E178 /* Base */ = {isa = PBXFileReference; lastKnownFileType = file.storyboard; name = Base; path = Base.lproj/LaunchScreen.storyboard; sourceTree = "<group>"; };
		1FDF6BEA23AA79BF0068E178 /* Info.plist */ = {isa = PBXFileReference; lastKnownFileType = text.plist.xml; path = Info.plist; sourceTree = "<group>"; };
/* End PBXFileReference section */

/* Begin PBXFrameworksBuildPhase section */
		1FDF6BD623AA79BE0068E178 /* Frameworks */ = {
			isa = PBXFrameworksBuildPhase;
			buildActionMask = 2147483647;
			files = (
			);
			runOnlyForDeploymentPostprocessing = 0;
		};
/* End PBXFrameworksBuildPhase section */

/* Begin PBXGroup section */
		1FDF6BD023AA79BE0068E178 = {
			isa = PBXGroup;
			children = (
				1FDF6BDB23AA79BE0068E178 /* PressCounter */,
				1FDF6BDA23AA79BE0068E178 /* Products */,
			);
			sourceTree = "<group>";
		};
		1FDF6BDA23AA79BE0068E178 /* Products */ = {
			isa = PBXGroup;
			children = (
				1FDF6BD923AA79BE0068E178 /* PressCounter.app */,
			);
			name = Products;
			sourceTree = "<group>";
		};
		1FDF6BDB23AA79BE0068E178 /* PressCounter */ = {
			isa = PBXGroup;
			children = (
				1FDF6BDC23AA79BE0068E178 /* AppDelegate.swift */,
				1FDF6BDE23AA79BE0068E178 /* SceneDelegate.swift */,
				1FDF6BE023AA79BE0068E178 /* ViewController.swift */,
				1FDF6BE223AA79BE0068E178 /* Main.storyboard */,
				1FDF6BE523AA79BF0068E178 /* Assets.xcassets */,
				1FDF6BE723AA79BF0068E178 /* LaunchScreen.storyboard */,
				1FDF6BEA23AA79BF0068E178 /* Info.plist */,
			);
			path = PressCounter;
			sourceTree = "<group>";
		};
/* End PBXGroup section */

/* Begin PBXNativeTarget section */
		1FDF6BD823AA79BE0068E178 /* PressCounter */ = {
			isa = PBXNativeTarget;
			buildConfigurationList = 1FDF6BED23AA79BF0068E178 /* Build configuration list for PBXNativeTarget "PressCounter" */;
			buildPhases = (
				1FDF6BD523AA79BE0068E178 /* Sources */,
				1FDF6BD623AA79BE0068E178 /* Frameworks */,
				1FDF6BD723AA79BE0068E178 /* Resources */,
			);
			buildRules = (
			);
			dependencies = (
			);
			name = PressCounter;
			productName = PressCounter;
			productReference = 1FDF6BD923AA79BE0068E178 /* PressCounter.app */;
			productType = "com.apple.product-type.application";
		};
/* End PBXNativeTarget section */

/* Begin PBXProject section */
		1FDF6BD123AA79BE0068E178 /* Project object */ = {
			isa = PBXProject;
			attributes = {
				LastSwiftUpdateCheck = 1130;
				LastUpgradeCheck = 1130;
				ORGANIZATIONNAME = Padman;
				TargetAttributes = {
					1FDF6BD823AA79BE0068E178 = {
						CreatedOnToolsVersion = 11.3;
					};
				};
			};
			buildConfigurationList = 1FDF6BD423AA79BE0068E178 /* Build configuration list for PBXProject "PressCounter" */;
			compatibilityVersion = "Xcode 9.3";
			developmentRegion = en;
			hasScannedForEncodings = 0;
			knownRegions = (
				en,
				Base,
			);
			mainGroup = 1FDF6BD023AA79BE0068E178;
			productRefGroup = 1FDF6BDA23AA79BE0068E178 /* Products */;
			projectDirPath = "";
			projectRoot = "";
			targets = (
				1FDF6BD823AA79BE0068E178 /* PressCounter */,
			);
		};
/* End PBXProject section */

/* Begin PBXResourcesBuildPhase section */
		1FDF6BD723AA79BE0068E178 /* Resources */ = {
			isa = PBXResourcesBuildPhase;
			buildActionMask = 2147483647;
			files = (
				1FDF6BE923AA79BF0068E178 /* LaunchScreen.storyboard in Resources */,
				1FDF6BE623AA79BF0068E178 /* Assets.xcassets in Resources */,
				1FDF6BE423AA79BE0068E178 /* Main.storyboard in Resources */,
			);
			runOnlyForDeploymentPostprocessing = 0;
		};
/* End PBXResourcesBuildPhase section */

/* Begin PBXSourcesBuildPhase section */
		1FDF6BD523AA79BE0068E178 /* Sources */ = {
			isa = PBXSourcesBuildPhase;
			buildActionMask = 2147483647;
			files = (
				1FDF6BE123AA79BE0068E178 /* ViewController.swift in Sources */,
				1FDF6BDD23AA79BE0068E178 /* AppDelegate.swift in Sources */,
				1FDF6BDF23AA79BE0068E178 /* SceneDelegate.swift in Sources */,
			);
			runOnlyForDeploymentPostprocessing = 0;
		};
/* End PBXSourcesBuildPhase section */

/* Begin PBXVariantGroup section */
		1FDF6BE223AA79BE0068E178 /* Main.storyboard */ = {
			isa = PBXVariantGroup;
			children = (
				1FDF6BE323AA79BE0068E178 /* Base */,
			);
			name = Main.storyboard;
			sourceTree = "<group>";
		};
		1FDF6BE723AA79BF0068E178 /* LaunchScreen.storyboard */ = {
			isa = PBXVariantGroup;
			children = (
				1FDF6BE823AA79BF0068E178 /* Base */,
			);
			name = LaunchScreen.storyboard;
			sourceTree = "<group>";
		};
/* End PBXVariantGroup section */

/* Begin XCBuildConfiguration section */
		1FDF6BEB23AA79BF0068E178 /* Debug */ = {
			isa = XCBuildConfiguration;
			buildSettings = {
				ALWAYS_SEARCH_USER_PATHS = NO;
				CLANG_ANALYZER_NONNULL = YES;
				CLANG_ANALYZER_NUMBER_OBJECT_CONVERSION = YES_AGGRESSIVE;
				CLANG_CXX_LANGUAGE_STANDARD = "gnu++14";
				CLANG_CXX_LIBRARY = "libc++";
				CLANG_ENABLE_MODULES = YES;
				CLANG_ENABLE_OBJC_ARC = YES;
				CLANG_ENABLE_OBJC_WEAK = YES;
				CLANG_WARN_BLOCK_CAPTURE_AUTORELEASING = YES;
				CLANG_WARN_BOOL_CONVERSION = YES;
				CLANG_WARN_COMMA = YES;
				CLANG_WARN_CONSTANT_CONVERSION = YES;
				CLANG_WARN_DEPRECATED_OBJC_IMPLEMENTATIONS = YES;
				CLANG_WARN_DIRECT_OBJC_ISA_USAGE = YES_ERROR;
				CLANG_WARN_DOCUMENTATION_COMMENTS = YES;
				CLANG_WARN_EMPTY_BODY = YES;
				CLANG_WARN_ENUM_CONVERSION = YES;
				CLANG_WARN_INFINITE_RECURSION = YES;
				CLANG_WARN_INT_CONVERSION = YES;
				CLANG_WARN_NON_LITERAL_NULL_CONVERSION = YES;
				CLANG_WARN_OBJC_IMPLICIT_RETAIN_SELF = YES;
				CLANG_WARN_OBJC_LITERAL_CONVERSION = YES;
				CLANG_WARN_OBJC_ROOT_CLASS = YES_ERROR;
				CLANG_WARN_RANGE_LOOP_ANALYSIS = YES;
				CLANG_WARN_STRICT_PROTOTYPES = YES;
				CLANG_WARN_SUSPICIOUS_MOVE = YES;
				CLANG_WARN_UNGUARDED_AVAILABILITY = YES_AGGRESSIVE;
				CLANG_WARN_UNREACHABLE_CODE = YES;
				CLANG_WARN__DUPLICATE_METHOD_MATCH = YES;
				COPY_PHASE_STRIP = NO;
				DEBUG_INFORMATION_FORMAT = dwarf;
				ENABLE_STRICT_OBJC_MSGSEND = YES;
				ENABLE_TESTABILITY = YES;
				GCC_C_LANGUAGE_STANDARD = gnu11;
				GCC_DYNAMIC_NO_PIC = NO;
				GCC_NO_COMMON_BLOCKS = YES;
				GCC_OPTIMIZATION_LEVEL = 0;
				GCC_PREPROCESSOR_DEFINITIONS = (
					"DEBUG=1",
					"$(inherited)",
				);
				GCC_WARN_64_TO_32_BIT_CONVERSION = YES;
				GCC_WARN_ABOUT_RETURN_TYPE = YES_ERROR;
				GCC_WARN_UNDECLARED_SELECTOR = YES;
				GCC_WARN_UNINITIALIZED_AUTOS = YES_AGGRESSIVE;
				GCC_WARN_UNUSED_FUNCTION = YES;
				GCC_WARN_UNUSED_VARIABLE = YES;
				IPHONEOS_DEPLOYMENT_TARGET = 13.2;
				MTL_ENABLE_DEBUG_INFO = INCLUDE_SOURCE;
				MTL_FAST_MATH = YES;
				ONLY_ACTIVE_ARCH = YES;
				SDKROOT = iphoneos;
				SWIFT_ACTIVE_COMPILATION_CONDITIONS = DEBUG;
				SWIFT_OPTIMIZATION_LEVEL = "-Onone";
			};
			name = Debug;
		};
		1FDF6BEC23AA79BF0068E178 /* Release */ = {
			isa = XCBuildConfiguration;
			buildSettings = {
				ALWAYS_SEARCH_USER_PATHS = NO;
				CLANG_ANALYZER_NONNULL = YES;
				CLANG_ANALYZER_NUMBER_OBJECT_CONVERSION = YES_AGGRESSIVE;
				CLANG_CXX_LANGUAGE_STANDARD = "gnu++14";
				CLANG_CXX_LIBRARY = "libc++";
				CLANG_ENABLE_MODULES = YES;
				CLANG_ENABLE_OBJC_ARC = YES;
				CLANG_ENABLE_OBJC_WEAK = YES;
				CLANG_WARN_BLOCK_CAPTURE_AUTORELEASING = YES;
				CLANG_WARN_BOOL_CONVERSION = YES;
				CLANG_WARN_COMMA = YES;
				CLANG_WARN_CONSTANT_CONVERSION = YES;
				CLANG_WARN_DEPRECATED_OBJC_IMPLEMENTATIONS = YES;
				CLANG_WARN_DIRECT_OBJC_ISA_USAGE = YES_ERROR;
				CLANG_WARN_DOCUMENTATION_COMMENTS = YES;
				CLANG_WARN_EMPTY_BODY = YES;
				CLANG_WARN_ENUM_CONVERSION = YES;
				CLANG_WARN_INFINITE_RECURSION = YES;
				CLANG_WARN_INT_CONVERSION = YES;
				CLANG_WARN_NON_LITERAL_NULL_CONVERSION = YES;
				CLANG_WARN_OBJC_IMPLICIT_RETAIN_SELF = YES;
				CLANG_WARN_OBJC_LITERAL_CONVERSION = YES;
				CLANG_WARN_OBJC_ROOT_CLASS = YES_ERROR;
				CLANG_WARN_RANGE_LOOP_ANALYSIS = YES;
				CLANG_WARN_STRICT_PROTOTYPES = YES;
				CLANG_WARN_SUSPICIOUS_MOVE = YES;
				CLANG_WARN_UNGUARDED_AVAILABILITY = YES_AGGRESSIVE;
				CLANG_WARN_UNREACHABLE_CODE = YES;
				CLANG_WARN__DUPLICATE_METHOD_MATCH = YES;
				COPY_PHASE_STRIP = NO;
				DEBUG_INFORMATION_FORMAT = "dwarf-with-dsym";
				ENABLE_NS_ASSERTIONS = NO;
				ENABLE_STRICT_OBJC_MSGSEND = YES;
				GCC_C_LANGUAGE_STANDARD = gnu11;
				GCC_NO_COMMON_BLOCKS = YES;
				GCC_WARN_64_TO_32_BIT_CONVERSION = YES;
				GCC_WARN_ABOUT_RETURN_TYPE = YES_ERROR;
				GCC_WARN_UNDECLARED_SELECTOR = YES;
				GCC_WARN_UNINITIALIZED_AUTOS = YES_AGGRESSIVE;
				GCC_WARN_UNUSED_FUNCTION = YES;
				GCC_WARN_UNUSED_VARIABLE = YES;
				IPHONEOS_DEPLOYMENT_TARGET = 13.2;
				MTL_ENABLE_DEBUG_INFO = NO;
				MTL_FAST_MATH = YES;
				SDKROOT = iphoneos;
				SWIFT_COMPILATION_MODE = wholemodule;
				SWIFT_OPTIMIZATION_LEVEL = "-O";
				VALIDATE_PRODUCT = YES;
			};
			name = Release;
		};
		1FDF6BEE23AA79BF0068E178 /* Debug */ = {
			isa = XCBuildConfiguration;
			buildSettings = {
				ASSETCATALOG_COMPILER_APPICON_NAME = AppIcon;
				CODE_SIGN_STYLE = Automatic;
				INFOPLIST_FILE = PressCounter/Info.plist;
				LD_RUNPATH_SEARCH_PATHS = (
					"$(inherited)",
					"@executable_path/Frameworks",
				);
				PRODUCT_BUNDLE_IDENTIFIER = Padman.PressCounter;
				PRODUCT_NAME = "$(TARGET_NAME)";
				SWIFT_VERSION = 5.0;
				TARGETED_DEVICE_FAMILY = "1,2";
			};
			name = Debug;
		};
		1FDF6BEF23AA79BF0068E178 /* Release */ = {
			isa = XCBuildConfiguration;
			buildSettings = {
				ASSETCATALOG_COMPILER_APPICON_NAME = AppIcon;
				CODE_SIGN_STYLE = Automatic;
				INFOPLIST_FILE = PressCounter/Info.plist;
				LD_RUNPATH_SEARCH_PATHS = (
					"$(inherited)",
					"@executable_path/Frameworks",
				);
				PRODUCT_BUNDLE_IDENTIFIER = Padman.PressCounter;
				PRODUCT_NAME = "$(TARGET_NAME)";
				SWIFT_VERSION = 5.0;
				TARGETED_DEVICE_FAMILY = "1,2";
			};
			name = Release;
		};
/* End XCBuildConfiguration section */

/* Begin XCConfigurationList section */
		1FDF6BD423AA79BE0068E178 /* Build configuration list for PBXProject "PressCounter" */ = {
			isa = XCConfigurationList;
			buildConfigurations = (
				1FDF6BEB23AA79BF0068E178 /* Debug */,
				1FDF6BEC23AA79BF0068E178 /* Release */,
			);
			defaultConfigurationIsVisible = 0;
			defaultConfigurationName = Release;
		};
		1FDF6BED23AA79BF0068E178 /* Build configuration list for PBXNativeTarget "PressCounter" */ = {
			isa = XCConfigurationList;
			buildConfigurations = (
				1FDF6BEE23AA79BF0068E178 /* Debug */,
				1FDF6BEF23AA79BF0068E178 /* Release */,
			);
			defaultConfigurationIsVisible = 0;
			defaultConfigurationName = Release;
		};
/* End XCConfigurationList section */
	};
	rootObject = 1FDF6BD123AA79BE0068E178 /* Project object */;
}
